
Microsoft Visual Studio Solution File, Format Version 12.00
# Visual Studio Version 17
VisualStudioVersion = 17.5.002.0
MinimumVisualStudioVersion = 10.0.40219.1
Project("{9A19103F-16F7-4668-BE54-9A1E7A4F7556}") = "PlayerStatsSync", "PlayerStatsSync.csproj", "{467F7AB1-ABD4-481B-97E2-18B7EB65D87B}"
EndProject
Global
	GlobalSection(SolutionConfigurationPlatforms) = preSolution
		Debug|Any CPU = Debug|Any CPU
		Release|Any CPU = Release|Any CPU
	EndGlobalSection
	GlobalSection(ProjectConfigurationPlatforms) = postSolution
		{467F7AB1-ABD4-481B-97E2-18B7EB65D87B}.Debug|Any CPU.ActiveCfg = Debug|Any CPU
		{467F7AB1-ABD4-481B-97E2-18B7EB65D87B}.Debug|Any CPU.Build.0 = Debug|Any CPU
		{467F7AB1-ABD4-481B-97E2-18B7EB65D87B}.Release|Any CPU.ActiveCfg = Release|Any CPU
		{467F7AB1-ABD4-481B-97E2-18B7EB65D87B}.Release|Any CPU.Build.0 = Release|Any CPU
	EndGlobalSection
	GlobalSection(SolutionProperties) = preSolution
		HideSolutionNode = FALSE
	EndGlobalSection
	GlobalSection(ExtensibilityGlobals) = postSolution
		SolutionGuid = {AF05DBAE-91A3-4694-8555-3C3DA0C774CD}
	EndGlobalSection
EndGlobal
